// !$*UTF8*$!
{
	archiveVersion = 1;
	classes = {
	};
	objectVersion = 50;
	objects = {

/* Begin PBXBuildFile section */
		0D3903B6252F62C200C18036 /* stock.swift in Sources */ = {isa = PBXBuildFile; fileRef = 0D3903A7252F62C200C18036 /* stock.swift */; };
		0D3903B7252F62C200C18036 /* MyStocks.storyboard in Resources */ = {isa = PBXBuildFile; fileRef = 0D3903A8252F62C200C18036 /* MyStocks.storyboard */; };
		0D3903B8252F62C200C18036 /* MyStocksPresenter.swift in Sources */ = {isa = PBXBuildFile; fileRef = 0D3903AB252F62C200C18036 /* MyStocksPresenter.swift */; };
		0D3903BB252F62C200C18036 /* ContainerViewController.swift in Sources */ = {isa = PBXBuildFile; fileRef = 0D3903B0252F62C200C18036 /* ContainerViewController.swift */; };
		0D3903BC252F62C200C18036 /* MyStocksViewController.swift in Sources */ = {isa = PBXBuildFile; fileRef = 0D3903B1252F62C200C18036 /* MyStocksViewController.swift */; };
		0D3903BD252F62C200C18036 /* MyStocksViewInput.swift in Sources */ = {isa = PBXBuildFile; fileRef = 0D3903B3252F62C200C18036 /* MyStocksViewInput.swift */; };
		0D3903BF252F62C200C18036 /* MyStocksViewOutput.swift in Sources */ = {isa = PBXBuildFile; fileRef = 0D3903B5252F62C200C18036 /* MyStocksViewOutput.swift */; };
		0D751141253A5C4F00D0A719 /* StockTableViewCell.xib in Resources */ = {isa = PBXBuildFile; fileRef = 0D75113F253A5C4F00D0A719 /* StockTableViewCell.xib */; };
		0D751142253A5C4F00D0A719 /* StockTableViewCell.swift in Sources */ = {isa = PBXBuildFile; fileRef = 0D751140253A5C4F00D0A719 /* StockTableViewCell.swift */; };
		0D75114C253A606E00D0A719 /* MyStocksContainer.swift in Sources */ = {isa = PBXBuildFile; fileRef = 0D75114B253A606E00D0A719 /* MyStocksContainer.swift */; };
		0D751150253A61FC00D0A719 /* MyStocksRouterInput.swift in Sources */ = {isa = PBXBuildFile; fileRef = 0D75114F253A61FC00D0A719 /* MyStocksRouterInput.swift */; };
		0D751153253A622A00D0A719 /* MyStocksRouter.swift in Sources */ = {isa = PBXBuildFile; fileRef = 0D751152253A622A00D0A719 /* MyStocksRouter.swift */; };
		0DF0172E252F5BD2003FF71B /* CardViewPresenter.swift in Sources */ = {isa = PBXBuildFile; fileRef = 0DF01725252F5BD2003FF71B /* CardViewPresenter.swift */; };
		0DF0172F252F5BD2003FF71B /* CardView.xib in Resources */ = {isa = PBXBuildFile; fileRef = 0DF01726252F5BD2003FF71B /* CardView.xib */; };
		0DF01730252F5BD2003FF71B /* CardView.swift in Sources */ = {isa = PBXBuildFile; fileRef = 0DF01728252F5BD2003FF71B /* CardView.swift */; };
		0DF01731252F5BD2003FF71B /* EmbeddedView.swift in Sources */ = {isa = PBXBuildFile; fileRef = 0DF01729252F5BD2003FF71B /* EmbeddedView.swift */; };
		0DF01732252F5BD2003FF71B /* CardViewType.swift in Sources */ = {isa = PBXBuildFile; fileRef = 0DF0172B252F5BD2003FF71B /* CardViewType.swift */; };
		0DF01733252F5BD2003FF71B /* NibLoadedViewType.swift in Sources */ = {isa = PBXBuildFile; fileRef = 0DF0172C252F5BD2003FF71B /* NibLoadedViewType.swift */; };
		0DF01734252F5BD2003FF71B /* CardViewPresenterType.swift in Sources */ = {isa = PBXBuildFile; fileRef = 0DF0172D252F5BD2003FF71B /* CardViewPresenterType.swift */; };
		319B305E252DA90A005837ED /* DMSans-Medium.ttf in Resources */ = {isa = PBXBuildFile; fileRef = 319B3054252DA640005837ED /* DMSans-Medium.ttf */; };
		31BDC088252A1C5B00F56ADD /* AppDelegate.swift in Sources */ = {isa = PBXBuildFile; fileRef = 31BDC087252A1C5B00F56ADD /* AppDelegate.swift */; };
		31BDC08C252A1C5B00F56ADD /* LoginViewController.swift in Sources */ = {isa = PBXBuildFile; fileRef = 31BDC08B252A1C5B00F56ADD /* LoginViewController.swift */; };
		31BDC091252A1C5D00F56ADD /* Assets.xcassets in Resources */ = {isa = PBXBuildFile; fileRef = 31BDC090252A1C5D00F56ADD /* Assets.xcassets */; };
		31BDC0A4252A21A400F56ADD /* Launch.xib in Resources */ = {isa = PBXBuildFile; fileRef = 31BDC0A3252A21A400F56ADD /* Launch.xib */; };
		31BDC0AB252A23B200F56ADD /* LoginPresenter.swift in Sources */ = {isa = PBXBuildFile; fileRef = 31BDC0AA252A23B200F56ADD /* LoginPresenter.swift */; };
		31CD5485252BAEA400F65D17 /* Login.storyboard in Resources */ = {isa = PBXBuildFile; fileRef = 31CD5484252BAEA400F65D17 /* Login.storyboard */; };
		31CD548B252BAFE900F65D17 /* LoginData.swift in Sources */ = {isa = PBXBuildFile; fileRef = 31CD548A252BAFE900F65D17 /* LoginData.swift */; };
		33085FD4DEAF7B1BA07B5CD5 /* libPods-Stonks.a in Frameworks */ = {isa = PBXBuildFile; fileRef = BF616C92E9F30083C5C8CD11 /* libPods-Stonks.a */; };
		9C2B6984253353D90042A932 /* LoginProtocols.swift in Sources */ = {isa = PBXBuildFile; fileRef = 9C2B6983253353D90042A932 /* LoginProtocols.swift */; };
		9C2B698C25335A430042A932 /* Storyboards.swift in Sources */ = {isa = PBXBuildFile; fileRef = 9C2B698B25335A430042A932 /* Storyboards.swift */; };
		9C2B698F25335B9C0042A932 /* LoginContainer.swift in Sources */ = {isa = PBXBuildFile; fileRef = 9C2B698E25335B9C0042A932 /* LoginContainer.swift */; };
		9C2B6996253363680042A932 /* LoginRouter.swift in Sources */ = {isa = PBXBuildFile; fileRef = 9C2B6995253363680042A932 /* LoginRouter.swift */; };
/* End PBXBuildFile section */

/* Begin PBXFileReference section */
		0D3903A7252F62C200C18036 /* stock.swift */ = {isa = PBXFileReference; fileEncoding = 4; lastKnownFileType = sourcecode.swift; path = stock.swift; sourceTree = "<group>"; };
		0D3903A9252F62C200C18036 /* Base */ = {isa = PBXFileReference; lastKnownFileType = file.storyboard; name = Base; path = Base.lproj/MyStocks.storyboard; sourceTree = "<group>"; };
		0D3903AB252F62C200C18036 /* MyStocksPresenter.swift */ = {isa = PBXFileReference; fileEncoding = 4; lastKnownFileType = sourcecode.swift; path = MyStocksPresenter.swift; sourceTree = "<group>"; };
		0D3903B0252F62C200C18036 /* ContainerViewController.swift */ = {isa = PBXFileReference; fileEncoding = 4; lastKnownFileType = sourcecode.swift; path = ContainerViewController.swift; sourceTree = "<group>"; };
		0D3903B1252F62C200C18036 /* MyStocksViewController.swift */ = {isa = PBXFileReference; fileEncoding = 4; lastKnownFileType = sourcecode.swift; path = MyStocksViewController.swift; sourceTree = "<group>"; };
		0D3903B3252F62C200C18036 /* MyStocksViewInput.swift */ = {isa = PBXFileReference; fileEncoding = 4; lastKnownFileType = sourcecode.swift; path = MyStocksViewInput.swift; sourceTree = "<group>"; };
		0D3903B5252F62C200C18036 /* MyStocksViewOutput.swift */ = {isa = PBXFileReference; fileEncoding = 4; lastKnownFileType = sourcecode.swift; path = MyStocksViewOutput.swift; sourceTree = "<group>"; };
		0D75113F253A5C4F00D0A719 /* StockTableViewCell.xib */ = {isa = PBXFileReference; fileEncoding = 4; lastKnownFileType = file.xib; path = StockTableViewCell.xib; sourceTree = "<group>"; };
		0D751140253A5C4F00D0A719 /* StockTableViewCell.swift */ = {isa = PBXFileReference; fileEncoding = 4; lastKnownFileType = sourcecode.swift; path = StockTableViewCell.swift; sourceTree = "<group>"; };
		0D75114B253A606E00D0A719 /* MyStocksContainer.swift */ = {isa = PBXFileReference; lastKnownFileType = sourcecode.swift; path = MyStocksContainer.swift; sourceTree = "<group>"; };
		0D75114F253A61FC00D0A719 /* MyStocksRouterInput.swift */ = {isa = PBXFileReference; lastKnownFileType = sourcecode.swift; path = MyStocksRouterInput.swift; sourceTree = "<group>"; };
		0D751152253A622A00D0A719 /* MyStocksRouter.swift */ = {isa = PBXFileReference; lastKnownFileType = sourcecode.swift; path = MyStocksRouter.swift; sourceTree = "<group>"; };
		0DF01725252F5BD2003FF71B /* CardViewPresenter.swift */ = {isa = PBXFileReference; fileEncoding = 4; lastKnownFileType = sourcecode.swift; path = CardViewPresenter.swift; sourceTree = "<group>"; };
		0DF01726252F5BD2003FF71B /* CardView.xib */ = {isa = PBXFileReference; fileEncoding = 4; lastKnownFileType = file.xib; path = CardView.xib; sourceTree = "<group>"; };
		0DF01728252F5BD2003FF71B /* CardView.swift */ = {isa = PBXFileReference; fileEncoding = 4; lastKnownFileType = sourcecode.swift; path = CardView.swift; sourceTree = "<group>"; };
		0DF01729252F5BD2003FF71B /* EmbeddedView.swift */ = {isa = PBXFileReference; fileEncoding = 4; lastKnownFileType = sourcecode.swift; path = EmbeddedView.swift; sourceTree = "<group>"; };
		0DF0172B252F5BD2003FF71B /* CardViewType.swift */ = {isa = PBXFileReference; fileEncoding = 4; lastKnownFileType = sourcecode.swift; path = CardViewType.swift; sourceTree = "<group>"; };
		0DF0172C252F5BD2003FF71B /* NibLoadedViewType.swift */ = {isa = PBXFileReference; fileEncoding = 4; lastKnownFileType = sourcecode.swift; path = NibLoadedViewType.swift; sourceTree = "<group>"; };
		0DF0172D252F5BD2003FF71B /* CardViewPresenterType.swift */ = {isa = PBXFileReference; fileEncoding = 4; lastKnownFileType = sourcecode.swift; path = CardViewPresenterType.swift; sourceTree = "<group>"; };
		315BE130252F332F0074377B /* DMSans-Bold.ttf */ = {isa = PBXFileReference; lastKnownFileType = file; path = "DMSans-Bold.ttf"; sourceTree = "<group>"; };
		315BE131252F334B0074377B /* DMSans-Regular.ttf */ = {isa = PBXFileReference; lastKnownFileType = file; path = "DMSans-Regular.ttf"; sourceTree = "<group>"; };
		319B3054252DA640005837ED /* DMSans-Medium.ttf */ = {isa = PBXFileReference; lastKnownFileType = file; path = "DMSans-Medium.ttf"; sourceTree = "<group>"; };
		31BDC084252A1C5A00F56ADD /* Stonks.app */ = {isa = PBXFileReference; explicitFileType = wrapper.application; includeInIndex = 0; path = Stonks.app; sourceTree = BUILT_PRODUCTS_DIR; };
		31BDC087252A1C5B00F56ADD /* AppDelegate.swift */ = {isa = PBXFileReference; lastKnownFileType = sourcecode.swift; path = AppDelegate.swift; sourceTree = "<group>"; };
		31BDC08B252A1C5B00F56ADD /* LoginViewController.swift */ = {isa = PBXFileReference; lastKnownFileType = sourcecode.swift; path = LoginViewController.swift; sourceTree = "<group>"; };
		31BDC090252A1C5D00F56ADD /* Assets.xcassets */ = {isa = PBXFileReference; lastKnownFileType = folder.assetcatalog; path = Assets.xcassets; sourceTree = "<group>"; };
		31BDC095252A1C5D00F56ADD /* Info.plist */ = {isa = PBXFileReference; lastKnownFileType = text.plist.xml; path = Info.plist; sourceTree = "<group>"; };
		31BDC0A3252A21A400F56ADD /* Launch.xib */ = {isa = PBXFileReference; lastKnownFileType = file.xib; path = Launch.xib; sourceTree = "<group>"; };
		31BDC0AA252A23B200F56ADD /* LoginPresenter.swift */ = {isa = PBXFileReference; lastKnownFileType = sourcecode.swift; path = LoginPresenter.swift; sourceTree = "<group>"; };
		31CD5484252BAEA400F65D17 /* Login.storyboard */ = {isa = PBXFileReference; lastKnownFileType = file.storyboard; path = Login.storyboard; sourceTree = "<group>"; };
		31CD548A252BAFE900F65D17 /* LoginData.swift */ = {isa = PBXFileReference; lastKnownFileType = sourcecode.swift; path = LoginData.swift; sourceTree = "<group>"; };
		48DBC29FA9EBAAF982588CC6 /* Pods-Stonks.release.xcconfig */ = {isa = PBXFileReference; includeInIndex = 1; lastKnownFileType = text.xcconfig; name = "Pods-Stonks.release.xcconfig"; path = "Target Support Files/Pods-Stonks/Pods-Stonks.release.xcconfig"; sourceTree = "<group>"; };
		9C2B6983253353D90042A932 /* LoginProtocols.swift */ = {isa = PBXFileReference; lastKnownFileType = sourcecode.swift; path = LoginProtocols.swift; sourceTree = "<group>"; };
		9C2B698B25335A430042A932 /* Storyboards.swift */ = {isa = PBXFileReference; lastKnownFileType = sourcecode.swift; path = Storyboards.swift; sourceTree = "<group>"; };
		9C2B698E25335B9C0042A932 /* LoginContainer.swift */ = {isa = PBXFileReference; lastKnownFileType = sourcecode.swift; path = LoginContainer.swift; sourceTree = "<group>"; };
		9C2B6995253363680042A932 /* LoginRouter.swift */ = {isa = PBXFileReference; lastKnownFileType = sourcecode.swift; path = LoginRouter.swift; sourceTree = "<group>"; };
		BF616C92E9F30083C5C8CD11 /* libPods-Stonks.a */ = {isa = PBXFileReference; explicitFileType = archive.ar; includeInIndex = 0; path = "libPods-Stonks.a"; sourceTree = BUILT_PRODUCTS_DIR; };
		C231D19B991D98A5DD45513D /* Pods-Stonks.debug.xcconfig */ = {isa = PBXFileReference; includeInIndex = 1; lastKnownFileType = text.xcconfig; name = "Pods-Stonks.debug.xcconfig"; path = "Target Support Files/Pods-Stonks/Pods-Stonks.debug.xcconfig"; sourceTree = "<group>"; };
/* End PBXFileReference section */

/* Begin PBXFrameworksBuildPhase section */
		31BDC081252A1C5A00F56ADD /* Frameworks */ = {
			isa = PBXFrameworksBuildPhase;
			buildActionMask = 2147483647;
			files = (
				33085FD4DEAF7B1BA07B5CD5 /* libPods-Stonks.a in Frameworks */,
			);
			runOnlyForDeploymentPostprocessing = 0;
		};
/* End PBXFrameworksBuildPhase section */

/* Begin PBXGroup section */
		0D3903A5252F62C200C18036 /* MyStocks */ = {
			isa = PBXGroup;
			children = (
				0D751155253A624700D0A719 /* Router */,
				0D75114A253A604200D0A719 /* Container */,
				0D3903A6252F62C200C18036 /* models */,
				0D3903AA252F62C200C18036 /* Presenters */,
				0D3903AC252F62C200C18036 /* TableViewCell */,
				0D3903AF252F62C200C18036 /* Views */,
				0D3903B2252F62C200C18036 /* Protocols */,
			);
			path = MyStocks;
			sourceTree = "<group>";
		};
		0D3903A6252F62C200C18036 /* models */ = {
			isa = PBXGroup;
			children = (
				0D3903A7252F62C200C18036 /* stock.swift */,
			);
			path = models;
			sourceTree = "<group>";
		};
		0D3903AA252F62C200C18036 /* Presenters */ = {
			isa = PBXGroup;
			children = (
				0D3903AB252F62C200C18036 /* MyStocksPresenter.swift */,
			);
			path = Presenters;
			sourceTree = "<group>";
		};
		0D3903AC252F62C200C18036 /* TableViewCell */ = {
			isa = PBXGroup;
			children = (
				0D751140253A5C4F00D0A719 /* StockTableViewCell.swift */,
				0D75113F253A5C4F00D0A719 /* StockTableViewCell.xib */,
			);
			path = TableViewCell;
			sourceTree = "<group>";
		};
		0D3903AF252F62C200C18036 /* Views */ = {
			isa = PBXGroup;
			children = (
				0D3903A8252F62C200C18036 /* MyStocks.storyboard */,
				0D3903B0252F62C200C18036 /* ContainerViewController.swift */,
				0D3903B1252F62C200C18036 /* MyStocksViewController.swift */,
			);
			path = Views;
			sourceTree = "<group>";
		};
		0D3903B2252F62C200C18036 /* Protocols */ = {
			isa = PBXGroup;
			children = (
				0D3903B3252F62C200C18036 /* MyStocksViewInput.swift */,
				0D3903B5252F62C200C18036 /* MyStocksViewOutput.swift */,
				0D75114F253A61FC00D0A719 /* MyStocksRouterInput.swift */,
			);
			path = Protocols;
			sourceTree = "<group>";
		};
		0D75114A253A604200D0A719 /* Container */ = {
			isa = PBXGroup;
			children = (
				0D75114B253A606E00D0A719 /* MyStocksContainer.swift */,
			);
			path = Container;
			sourceTree = "<group>";
		};
		0D751155253A624700D0A719 /* Router */ = {
			isa = PBXGroup;
			children = (
				0D751152253A622A00D0A719 /* MyStocksRouter.swift */,
			);
			path = Router;
			sourceTree = "<group>";
		};
		0D9E2C93B01665EB16593DDF /* Frameworks */ = {
			isa = PBXGroup;
			children = (
				BF616C92E9F30083C5C8CD11 /* libPods-Stonks.a */,
			);
			name = Frameworks;
			sourceTree = "<group>";
		};
		0DF01723252F5BD2003FF71B /* card */ = {
			isa = PBXGroup;
			children = (
				0DF01724252F5BD2003FF71B /* Presenters */,
				0DF01726252F5BD2003FF71B /* CardView.xib */,
				0DF01727252F5BD2003FF71B /* Views */,
				0DF0172A252F5BD2003FF71B /* Protocols */,
			);
			path = card;
			sourceTree = "<group>";
		};
		0DF01724252F5BD2003FF71B /* Presenters */ = {
			isa = PBXGroup;
			children = (
				0DF01725252F5BD2003FF71B /* CardViewPresenter.swift */,
			);
			path = Presenters;
			sourceTree = "<group>";
		};
		0DF01727252F5BD2003FF71B /* Views */ = {
			isa = PBXGroup;
			children = (
				0DF01728252F5BD2003FF71B /* CardView.swift */,
				0DF01729252F5BD2003FF71B /* EmbeddedView.swift */,
			);
			path = Views;
			sourceTree = "<group>";
		};
		0DF0172A252F5BD2003FF71B /* Protocols */ = {
			isa = PBXGroup;
			children = (
				0DF0172B252F5BD2003FF71B /* CardViewType.swift */,
				0DF0172C252F5BD2003FF71B /* NibLoadedViewType.swift */,
				0DF0172D252F5BD2003FF71B /* CardViewPresenterType.swift */,
			);
			path = Protocols;
			sourceTree = "<group>";
		};
		315BE133252F33810074377B /* Support Files */ = {
			isa = PBXGroup;
			children = (
				319B3052252DA465005837ED /* Fonts */,
				9C2B698B25335A430042A932 /* Storyboards.swift */,
			);
			path = "Support Files";
			sourceTree = "<group>";
		};
		319B3052252DA465005837ED /* Fonts */ = {
			isa = PBXGroup;
			children = (
				315BE130252F332F0074377B /* DMSans-Bold.ttf */,
				319B3054252DA640005837ED /* DMSans-Medium.ttf */,
				315BE131252F334B0074377B /* DMSans-Regular.ttf */,
			);
			path = Fonts;
			sourceTree = "<group>";
		};
		31B49B34252E1169002E86F6 /* Login */ = {
			isa = PBXGroup;
			children = (
				9C2B69942533635A0042A932 /* Router */,
				9C2B699125335BAE0042A932 /* Container */,
				31BDC0AD252A2CB400F56ADD /* Protocols */,
				31BDC0AE252A2CC500F56ADD /* Model */,
				31BDC0AF252A2CD300F56ADD /* Presenter */,
				31BDC0B0252A2D2200F56ADD /* View */,
			);
			path = Login;
			sourceTree = "<group>";
		};
		31BDC07B252A1C5A00F56ADD = {
			isa = PBXGroup;
			children = (
				31BDC086252A1C5A00F56ADD /* Stonks */,
				31BDC085252A1C5A00F56ADD /* Products */,
				83E915EEC8F3BB9230A6DCBD /* Pods */,
				0D9E2C93B01665EB16593DDF /* Frameworks */,
			);
			sourceTree = "<group>";
		};
		31BDC085252A1C5A00F56ADD /* Products */ = {
			isa = PBXGroup;
			children = (
				31BDC084252A1C5A00F56ADD /* Stonks.app */,
			);
			name = Products;
			sourceTree = "<group>";
		};
		31BDC086252A1C5A00F56ADD /* Stonks */ = {
			isa = PBXGroup;
			children = (
				0D3903A5252F62C200C18036 /* MyStocks */,
				315BE133252F33810074377B /* Support Files */,
				31B49B34252E1169002E86F6 /* Login */,
				0DF01723252F5BD2003FF71B /* card */,
				31BDC087252A1C5B00F56ADD /* AppDelegate.swift */,
				31BDC0A3252A21A400F56ADD /* Launch.xib */,
				31BDC090252A1C5D00F56ADD /* Assets.xcassets */,
				31BDC095252A1C5D00F56ADD /* Info.plist */,
			);
			path = Stonks;
			sourceTree = "<group>";
		};
		31BDC0AD252A2CB400F56ADD /* Protocols */ = {
			isa = PBXGroup;
			children = (
				9C2B6983253353D90042A932 /* LoginProtocols.swift */,
			);
			path = Protocols;
			sourceTree = "<group>";
		};
		31BDC0AE252A2CC500F56ADD /* Model */ = {
			isa = PBXGroup;
			children = (
				31CD548A252BAFE900F65D17 /* LoginData.swift */,
			);
			path = Model;
			sourceTree = "<group>";
		};
		31BDC0AF252A2CD300F56ADD /* Presenter */ = {
			isa = PBXGroup;
			children = (
				31BDC0AA252A23B200F56ADD /* LoginPresenter.swift */,
			);
			path = Presenter;
			sourceTree = "<group>";
		};
		31BDC0B0252A2D2200F56ADD /* View */ = {
			isa = PBXGroup;
			children = (
				31BDC08B252A1C5B00F56ADD /* LoginViewController.swift */,
				31CD5484252BAEA400F65D17 /* Login.storyboard */,
			);
			path = View;
			sourceTree = "<group>";
		};
		83E915EEC8F3BB9230A6DCBD /* Pods */ = {
			isa = PBXGroup;
			children = (
				C231D19B991D98A5DD45513D /* Pods-Stonks.debug.xcconfig */,
				48DBC29FA9EBAAF982588CC6 /* Pods-Stonks.release.xcconfig */,
			);
			path = Pods;
			sourceTree = "<group>";
		};
		9C2B699125335BAE0042A932 /* Container */ = {
			isa = PBXGroup;
			children = (
				9C2B698E25335B9C0042A932 /* LoginContainer.swift */,
			);
			path = Container;
			sourceTree = "<group>";
		};
		9C2B69942533635A0042A932 /* Router */ = {
			isa = PBXGroup;
			children = (
				9C2B6995253363680042A932 /* LoginRouter.swift */,
			);
			path = Router;
			sourceTree = "<group>";
		};
/* End PBXGroup section */

/* Begin PBXNativeTarget section */
		31BDC083252A1C5A00F56ADD /* Stonks */ = {
			isa = PBXNativeTarget;
			buildConfigurationList = 31BDC098252A1C5D00F56ADD /* Build configuration list for PBXNativeTarget "Stonks" */;
			buildPhases = (
				5AC7B805217F337D8BFCBAF4 /* [CP] Check Pods Manifest.lock */,
				31BDC080252A1C5A00F56ADD /* Sources */,
				31BDC081252A1C5A00F56ADD /* Frameworks */,
				31BDC082252A1C5A00F56ADD /* Resources */,
				31C7C5562535C90900B99E1C /* ShellScript */,
			);
			buildRules = (
			);
			dependencies = (
			);
			name = Stonks;
			productName = Stonks;
			productReference = 31BDC084252A1C5A00F56ADD /* Stonks.app */;
			productType = "com.apple.product-type.application";
		};
/* End PBXNativeTarget section */

/* Begin PBXProject section */
		31BDC07C252A1C5A00F56ADD /* Project object */ = {
			isa = PBXProject;
			attributes = {
				LastSwiftUpdateCheck = 1200;
				LastUpgradeCheck = 1200;
				TargetAttributes = {
					31BDC083252A1C5A00F56ADD = {
						CreatedOnToolsVersion = 12.0;
					};
				};
			};
			buildConfigurationList = 31BDC07F252A1C5A00F56ADD /* Build configuration list for PBXProject "Stonks" */;
			compatibilityVersion = "Xcode 9.3";
			developmentRegion = en;
			hasScannedForEncodings = 0;
			knownRegions = (
				en,
				Base,
			);
			mainGroup = 31BDC07B252A1C5A00F56ADD;
			productRefGroup = 31BDC085252A1C5A00F56ADD /* Products */;
			projectDirPath = "";
			projectRoot = "";
			targets = (
				31BDC083252A1C5A00F56ADD /* Stonks */,
			);
		};
/* End PBXProject section */

/* Begin PBXResourcesBuildPhase section */
		31BDC082252A1C5A00F56ADD /* Resources */ = {
			isa = PBXResourcesBuildPhase;
			buildActionMask = 2147483647;
			files = (
				319B305E252DA90A005837ED /* DMSans-Medium.ttf in Resources */,
				31BDC091252A1C5D00F56ADD /* Assets.xcassets in Resources */,
				0D3903B7252F62C200C18036 /* MyStocks.storyboard in Resources */,
				31BDC0A4252A21A400F56ADD /* Launch.xib in Resources */,
				0DF0172F252F5BD2003FF71B /* CardView.xib in Resources */,
				0D751141253A5C4F00D0A719 /* StockTableViewCell.xib in Resources */,
				31CD5485252BAEA400F65D17 /* Login.storyboard in Resources */,
			);
			runOnlyForDeploymentPostprocessing = 0;
		};
/* End PBXResourcesBuildPhase section */

/* Begin PBXShellScriptBuildPhase section */
		31C7C5562535C90900B99E1C /* ShellScript */ = {
			isa = PBXShellScriptBuildPhase;
			buildActionMask = 2147483647;
			files = (
			);
			inputFileListPaths = (
			);
			inputPaths = (
			);
			outputFileListPaths = (
			);
			outputPaths = (
			);
			runOnlyForDeploymentPostprocessing = 0;
			shellPath = /bin/sh;
			shellScript = "${PODS_ROOT}/SwiftLint/swiftlint autocorrect\n${PODS_ROOT}/SwiftLint/swiftlint --config ../.swiftlint.yml\n";
		};
		5AC7B805217F337D8BFCBAF4 /* [CP] Check Pods Manifest.lock */ = {
			isa = PBXShellScriptBuildPhase;
			buildActionMask = 2147483647;
			files = (
			);
			inputFileListPaths = (
			);
			inputPaths = (
				"${PODS_PODFILE_DIR_PATH}/Podfile.lock",
				"${PODS_ROOT}/Manifest.lock",
			);
			name = "[CP] Check Pods Manifest.lock";
			outputFileListPaths = (
			);
			outputPaths = (
				"$(DERIVED_FILE_DIR)/Pods-Stonks-checkManifestLockResult.txt",
			);
			runOnlyForDeploymentPostprocessing = 0;
			shellPath = /bin/sh;
			shellScript = "diff \"${PODS_PODFILE_DIR_PATH}/Podfile.lock\" \"${PODS_ROOT}/Manifest.lock\" > /dev/null\nif [ $? != 0 ] ; then\n    # print error to STDERR\n    echo \"error: The sandbox is not in sync with the Podfile.lock. Run 'pod install' or update your CocoaPods installation.\" >&2\n    exit 1\nfi\n# This output is used by Xcode 'outputs' to avoid re-running this script phase.\necho \"SUCCESS\" > \"${SCRIPT_OUTPUT_FILE_0}\"\n";
			showEnvVarsInLog = 0;
		};
/* End PBXShellScriptBuildPhase section */

/* Begin PBXSourcesBuildPhase section */
		31BDC080252A1C5A00F56ADD /* Sources */ = {
			isa = PBXSourcesBuildPhase;
			buildActionMask = 2147483647;
			files = (
				0D751142253A5C4F00D0A719 /* StockTableViewCell.swift in Sources */,
				9C2B698C25335A430042A932 /* Storyboards.swift in Sources */,
				31BDC08C252A1C5B00F56ADD /* LoginViewController.swift in Sources */,
				0DF01734252F5BD2003FF71B /* CardViewPresenterType.swift in Sources */,
				0D3903B6252F62C200C18036 /* stock.swift in Sources */,
				0D3903BF252F62C200C18036 /* MyStocksViewOutput.swift in Sources */,
				31CD548B252BAFE900F65D17 /* LoginData.swift in Sources */,
				0DF01731252F5BD2003FF71B /* EmbeddedView.swift in Sources */,
				31BDC088252A1C5B00F56ADD /* AppDelegate.swift in Sources */,
				0D3903BD252F62C200C18036 /* MyStocksViewInput.swift in Sources */,
				0DF01732252F5BD2003FF71B /* CardViewType.swift in Sources */,
				0D3903BC252F62C200C18036 /* MyStocksViewController.swift in Sources */,
				0D3903BB252F62C200C18036 /* ContainerViewController.swift in Sources */,
				0D3903B8252F62C200C18036 /* MyStocksPresenter.swift in Sources */,
				0DF01733252F5BD2003FF71B /* NibLoadedViewType.swift in Sources */,
				9C2B6984253353D90042A932 /* LoginProtocols.swift in Sources */,
				0D75114C253A606E00D0A719 /* MyStocksContainer.swift in Sources */,
				0DF0172E252F5BD2003FF71B /* CardViewPresenter.swift in Sources */,
				9C2B698F25335B9C0042A932 /* LoginContainer.swift in Sources */,
				0D751150253A61FC00D0A719 /* MyStocksRouterInput.swift in Sources */,
				0DF01730252F5BD2003FF71B /* CardView.swift in Sources */,
				0D751153253A622A00D0A719 /* MyStocksRouter.swift in Sources */,
				9C2B6996253363680042A932 /* LoginRouter.swift in Sources */,
				31BDC0AB252A23B200F56ADD /* LoginPresenter.swift in Sources */,
			);
			runOnlyForDeploymentPostprocessing = 0;
		};
/* End PBXSourcesBuildPhase section */

/* Begin PBXVariantGroup section */
		0D3903A8252F62C200C18036 /* MyStocks.storyboard */ = {
			isa = PBXVariantGroup;
			children = (
				0D3903A9252F62C200C18036 /* Base */,
			);
			name = MyStocks.storyboard;
			sourceTree = "<group>";
		};
/* End PBXVariantGroup section */

/* Begin XCBuildConfiguration section */
		31BDC096252A1C5D00F56ADD /* Debug */ = {
			isa = XCBuildConfiguration;
			buildSettings = {
				ALWAYS_SEARCH_USER_PATHS = NO;
				CLANG_ANALYZER_NONNULL = YES;
				CLANG_ANALYZER_NUMBER_OBJECT_CONVERSION = YES_AGGRESSIVE;
				CLANG_CXX_LANGUAGE_STANDARD = "gnu++14";
				CLANG_CXX_LIBRARY = "libc++";
				CLANG_ENABLE_MODULES = YES;
				CLANG_ENABLE_OBJC_ARC = YES;
				CLANG_ENABLE_OBJC_WEAK = YES;
				CLANG_WARN_BLOCK_CAPTURE_AUTORELEASING = YES;
				CLANG_WARN_BOOL_CONVERSION = YES;
				CLANG_WARN_COMMA = YES;
				CLANG_WARN_CONSTANT_CONVERSION = YES;
				CLANG_WARN_DEPRECATED_OBJC_IMPLEMENTATIONS = YES;
				CLANG_WARN_DIRECT_OBJC_ISA_USAGE = YES_ERROR;
				CLANG_WARN_DOCUMENTATION_COMMENTS = YES;
				CLANG_WARN_EMPTY_BODY = YES;
				CLANG_WARN_ENUM_CONVERSION = YES;
				CLANG_WARN_INFINITE_RECURSION = YES;
				CLANG_WARN_INT_CONVERSION = YES;
				CLANG_WARN_NON_LITERAL_NULL_CONVERSION = YES;
				CLANG_WARN_OBJC_IMPLICIT_RETAIN_SELF = YES;
				CLANG_WARN_OBJC_LITERAL_CONVERSION = YES;
				CLANG_WARN_OBJC_ROOT_CLASS = YES_ERROR;
				CLANG_WARN_QUOTED_INCLUDE_IN_FRAMEWORK_HEADER = YES;
				CLANG_WARN_RANGE_LOOP_ANALYSIS = YES;
				CLANG_WARN_STRICT_PROTOTYPES = YES;
				CLANG_WARN_SUSPICIOUS_MOVE = YES;
				CLANG_WARN_UNGUARDED_AVAILABILITY = YES_AGGRESSIVE;
				CLANG_WARN_UNREACHABLE_CODE = YES;
				CLANG_WARN__DUPLICATE_METHOD_MATCH = YES;
				COPY_PHASE_STRIP = NO;
				DEBUG_INFORMATION_FORMAT = dwarf;
				ENABLE_STRICT_OBJC_MSGSEND = YES;
				ENABLE_TESTABILITY = YES;
				GCC_C_LANGUAGE_STANDARD = gnu11;
				GCC_DYNAMIC_NO_PIC = NO;
				GCC_NO_COMMON_BLOCKS = YES;
				GCC_OPTIMIZATION_LEVEL = 0;
				GCC_PREPROCESSOR_DEFINITIONS = (
					"DEBUG=1",
					"$(inherited)",
				);
				GCC_WARN_64_TO_32_BIT_CONVERSION = YES;
				GCC_WARN_ABOUT_RETURN_TYPE = YES_ERROR;
				GCC_WARN_UNDECLARED_SELECTOR = YES;
				GCC_WARN_UNINITIALIZED_AUTOS = YES_AGGRESSIVE;
				GCC_WARN_UNUSED_FUNCTION = YES;
				GCC_WARN_UNUSED_VARIABLE = YES;
				IPHONEOS_DEPLOYMENT_TARGET = 11.0;
				MTL_ENABLE_DEBUG_INFO = INCLUDE_SOURCE;
				MTL_FAST_MATH = YES;
				ONLY_ACTIVE_ARCH = YES;
				SDKROOT = iphoneos;
				SWIFT_ACTIVE_COMPILATION_CONDITIONS = DEBUG;
				SWIFT_OPTIMIZATION_LEVEL = "-Onone";
			};
			name = Debug;
		};
		31BDC097252A1C5D00F56ADD /* Release */ = {
			isa = XCBuildConfiguration;
			buildSettings = {
				ALWAYS_SEARCH_USER_PATHS = NO;
				CLANG_ANALYZER_NONNULL = YES;
				CLANG_ANALYZER_NUMBER_OBJECT_CONVERSION = YES_AGGRESSIVE;
				CLANG_CXX_LANGUAGE_STANDARD = "gnu++14";
				CLANG_CXX_LIBRARY = "libc++";
				CLANG_ENABLE_MODULES = YES;
				CLANG_ENABLE_OBJC_ARC = YES;
				CLANG_ENABLE_OBJC_WEAK = YES;
				CLANG_WARN_BLOCK_CAPTURE_AUTORELEASING = YES;
				CLANG_WARN_BOOL_CONVERSION = YES;
				CLANG_WARN_COMMA = YES;
				CLANG_WARN_CONSTANT_CONVERSION = YES;
				CLANG_WARN_DEPRECATED_OBJC_IMPLEMENTATIONS = YES;
				CLANG_WARN_DIRECT_OBJC_ISA_USAGE = YES_ERROR;
				CLANG_WARN_DOCUMENTATION_COMMENTS = YES;
				CLANG_WARN_EMPTY_BODY = YES;
				CLANG_WARN_ENUM_CONVERSION = YES;
				CLANG_WARN_INFINITE_RECURSION = YES;
				CLANG_WARN_INT_CONVERSION = YES;
				CLANG_WARN_NON_LITERAL_NULL_CONVERSION = YES;
				CLANG_WARN_OBJC_IMPLICIT_RETAIN_SELF = YES;
				CLANG_WARN_OBJC_LITERAL_CONVERSION = YES;
				CLANG_WARN_OBJC_ROOT_CLASS = YES_ERROR;
				CLANG_WARN_QUOTED_INCLUDE_IN_FRAMEWORK_HEADER = YES;
				CLANG_WARN_RANGE_LOOP_ANALYSIS = YES;
				CLANG_WARN_STRICT_PROTOTYPES = YES;
				CLANG_WARN_SUSPICIOUS_MOVE = YES;
				CLANG_WARN_UNGUARDED_AVAILABILITY = YES_AGGRESSIVE;
				CLANG_WARN_UNREACHABLE_CODE = YES;
				CLANG_WARN__DUPLICATE_METHOD_MATCH = YES;
				COPY_PHASE_STRIP = NO;
				DEBUG_INFORMATION_FORMAT = "dwarf-with-dsym";
				ENABLE_NS_ASSERTIONS = NO;
				ENABLE_STRICT_OBJC_MSGSEND = YES;
				GCC_C_LANGUAGE_STANDARD = gnu11;
				GCC_NO_COMMON_BLOCKS = YES;
				GCC_WARN_64_TO_32_BIT_CONVERSION = YES;
				GCC_WARN_ABOUT_RETURN_TYPE = YES_ERROR;
				GCC_WARN_UNDECLARED_SELECTOR = YES;
				GCC_WARN_UNINITIALIZED_AUTOS = YES_AGGRESSIVE;
				GCC_WARN_UNUSED_FUNCTION = YES;
				GCC_WARN_UNUSED_VARIABLE = YES;
				IPHONEOS_DEPLOYMENT_TARGET = 11.0;
				MTL_ENABLE_DEBUG_INFO = NO;
				MTL_FAST_MATH = YES;
				SDKROOT = iphoneos;
				SWIFT_COMPILATION_MODE = wholemodule;
				SWIFT_OPTIMIZATION_LEVEL = "-O";
				VALIDATE_PRODUCT = YES;
			};
			name = Release;
		};
		31BDC099252A1C5D00F56ADD /* Debug */ = {
			isa = XCBuildConfiguration;
			baseConfigurationReference = C231D19B991D98A5DD45513D /* Pods-Stonks.debug.xcconfig */;
			buildSettings = {
				ASSETCATALOG_COMPILER_APPICON_NAME = AppIcon;
				ASSETCATALOG_COMPILER_GLOBAL_ACCENT_COLOR_NAME = AccentColor;
				CODE_SIGN_STYLE = Automatic;
				DEVELOPMENT_TEAM = "";
				INFOPLIST_FILE = Stonks/Info.plist;
				IPHONEOS_DEPLOYMENT_TARGET = 12.0;
				LD_RUNPATH_SEARCH_PATHS = (
					"$(inherited)",
					"@executable_path/Frameworks",
				);
				PRODUCT_BUNDLE_IDENTIFIER = stonks.app;
				PRODUCT_NAME = "$(TARGET_NAME)";
				SWIFT_VERSION = 5.0;
				TARGETED_DEVICE_FAMILY = 1;
			};
			name = Debug;
		};
		31BDC09A252A1C5D00F56ADD /* Release */ = {
			isa = XCBuildConfiguration;
			baseConfigurationReference = 48DBC29FA9EBAAF982588CC6 /* Pods-Stonks.release.xcconfig */;
			buildSettings = {
				ASSETCATALOG_COMPILER_APPICON_NAME = AppIcon;
				ASSETCATALOG_COMPILER_GLOBAL_ACCENT_COLOR_NAME = AccentColor;
				CODE_SIGN_STYLE = Automatic;
				DEVELOPMENT_TEAM = "";
				INFOPLIST_FILE = Stonks/Info.plist;
				IPHONEOS_DEPLOYMENT_TARGET = 12.0;
				LD_RUNPATH_SEARCH_PATHS = (
					"$(inherited)",
					"@executable_path/Frameworks",
				);
				PRODUCT_BUNDLE_IDENTIFIER = stonks.app;
				PRODUCT_NAME = "$(TARGET_NAME)";
				SWIFT_VERSION = 5.0;
				TARGETED_DEVICE_FAMILY = 1;
			};
			name = Release;
		};
/* End XCBuildConfiguration section */

/* Begin XCConfigurationList section */
		31BDC07F252A1C5A00F56ADD /* Build configuration list for PBXProject "Stonks" */ = {
			isa = XCConfigurationList;
			buildConfigurations = (
				31BDC096252A1C5D00F56ADD /* Debug */,
				31BDC097252A1C5D00F56ADD /* Release */,
			);
			defaultConfigurationIsVisible = 0;
			defaultConfigurationName = Release;
		};
		31BDC098252A1C5D00F56ADD /* Build configuration list for PBXNativeTarget "Stonks" */ = {
			isa = XCConfigurationList;
			buildConfigurations = (
				31BDC099252A1C5D00F56ADD /* Debug */,
				31BDC09A252A1C5D00F56ADD /* Release */,
			);
			defaultConfigurationIsVisible = 0;
			defaultConfigurationName = Release;
		};
/* End XCConfigurationList section */
	};
	rootObject = 31BDC07C252A1C5A00F56ADD /* Project object */;
}
