// !$*UTF8*$!
{
	archiveVersion = 1;
	classes = {
	};
	objectVersion = 51;
	objects = {

/* Begin PBXBuildFile section */
		131A7288252C93E500A7F3BE /* Me.storyboard in Resources */ = {isa = PBXBuildFile; fileRef = 131A7287252C93E500A7F3BE /* Me.storyboard */; };
		131A728B252C953000A7F3BE /* MePortfolioViewController.swift in Sources */ = {isa = PBXBuildFile; fileRef = 131A728A252C953000A7F3BE /* MePortfolioViewController.swift */; };
		131A7292252CAA2E00A7F3BE /* HeaderViewController.swift in Sources */ = {isa = PBXBuildFile; fileRef = 131A7291252CAA2E00A7F3BE /* HeaderViewController.swift */; };
		13819645252D0B12001C18A6 /* ChartExtention.swift in Sources */ = {isa = PBXBuildFile; fileRef = 13819644252D0B12001C18A6 /* ChartExtention.swift */; };
		31BDC088252A1C5B00F56ADD /* AppDelegate.swift in Sources */ = {isa = PBXBuildFile; fileRef = 31BDC087252A1C5B00F56ADD /* AppDelegate.swift */; };
		31BDC08C252A1C5B00F56ADD /* LoginViewController.swift in Sources */ = {isa = PBXBuildFile; fileRef = 31BDC08B252A1C5B00F56ADD /* LoginViewController.swift */; };
		31BDC091252A1C5D00F56ADD /* Assets.xcassets in Resources */ = {isa = PBXBuildFile; fileRef = 31BDC090252A1C5D00F56ADD /* Assets.xcassets */; };
		31BDC0A4252A21A400F56ADD /* Launch.xib in Resources */ = {isa = PBXBuildFile; fileRef = 31BDC0A3252A21A400F56ADD /* Launch.xib */; };
		31BDC0AB252A23B200F56ADD /* LoginPresenter.swift in Sources */ = {isa = PBXBuildFile; fileRef = 31BDC0AA252A23B200F56ADD /* LoginPresenter.swift */; };
		31BDC0B2252A2DA200F56ADD /* LoginPresenterType.swift in Sources */ = {isa = PBXBuildFile; fileRef = 31BDC0B1252A2DA200F56ADD /* LoginPresenterType.swift */; };
		31CD5485252BAEA400F65D17 /* Login.storyboard in Resources */ = {isa = PBXBuildFile; fileRef = 31CD5484252BAEA400F65D17 /* Login.storyboard */; };
		31CD548B252BAFE900F65D17 /* Login.swift in Sources */ = {isa = PBXBuildFile; fileRef = 31CD548A252BAFE900F65D17 /* Login.swift */; };
		31CD5492252BB23700F65D17 /* LoginViewType.swift in Sources */ = {isa = PBXBuildFile; fileRef = 31CD5491252BB23700F65D17 /* LoginViewType.swift */; };
		70BEDF4BEF546CAB8B883F47 /* Pods_Stonks.framework in Frameworks */ = {isa = PBXBuildFile; fileRef = E4D3D177B28C15727F8F2DBD /* Pods_Stonks.framework */; };
/* End PBXBuildFile section */

/* Begin PBXFileReference section */
		032B310E038B34B17E54EC3B /* Pods-Stonks.debug.xcconfig */ = {isa = PBXFileReference; includeInIndex = 1; lastKnownFileType = text.xcconfig; name = "Pods-Stonks.debug.xcconfig"; path = "Target Support Files/Pods-Stonks/Pods-Stonks.debug.xcconfig"; sourceTree = "<group>"; };
		131A7287252C93E500A7F3BE /* Me.storyboard */ = {isa = PBXFileReference; lastKnownFileType = file.storyboard; path = Me.storyboard; sourceTree = "<group>"; };
		131A728A252C953000A7F3BE /* MePortfolioViewController.swift */ = {isa = PBXFileReference; lastKnownFileType = sourcecode.swift; path = MePortfolioViewController.swift; sourceTree = "<group>"; };
		131A7291252CAA2E00A7F3BE /* HeaderViewController.swift */ = {isa = PBXFileReference; lastKnownFileType = sourcecode.swift; path = HeaderViewController.swift; sourceTree = "<group>"; };
		13819644252D0B12001C18A6 /* ChartExtention.swift */ = {isa = PBXFileReference; lastKnownFileType = sourcecode.swift; path = ChartExtention.swift; sourceTree = "<group>"; };
		31BDC084252A1C5A00F56ADD /* Stonks.app */ = {isa = PBXFileReference; explicitFileType = wrapper.application; includeInIndex = 0; path = Stonks.app; sourceTree = BUILT_PRODUCTS_DIR; };
		31BDC087252A1C5B00F56ADD /* AppDelegate.swift */ = {isa = PBXFileReference; lastKnownFileType = sourcecode.swift; path = AppDelegate.swift; sourceTree = "<group>"; };
		31BDC08B252A1C5B00F56ADD /* LoginViewController.swift */ = {isa = PBXFileReference; lastKnownFileType = sourcecode.swift; path = LoginViewController.swift; sourceTree = "<group>"; };
		31BDC090252A1C5D00F56ADD /* Assets.xcassets */ = {isa = PBXFileReference; lastKnownFileType = folder.assetcatalog; path = Assets.xcassets; sourceTree = "<group>"; };
		31BDC095252A1C5D00F56ADD /* Info.plist */ = {isa = PBXFileReference; lastKnownFileType = text.plist.xml; path = Info.plist; sourceTree = "<group>"; };
		31BDC0A3252A21A400F56ADD /* Launch.xib */ = {isa = PBXFileReference; lastKnownFileType = file.xib; path = Launch.xib; sourceTree = "<group>"; };
		31BDC0AA252A23B200F56ADD /* LoginPresenter.swift */ = {isa = PBXFileReference; lastKnownFileType = sourcecode.swift; path = LoginPresenter.swift; sourceTree = "<group>"; };
		31BDC0B1252A2DA200F56ADD /* LoginPresenterType.swift */ = {isa = PBXFileReference; lastKnownFileType = sourcecode.swift; path = LoginPresenterType.swift; sourceTree = "<group>"; };
		31CD5484252BAEA400F65D17 /* Login.storyboard */ = {isa = PBXFileReference; lastKnownFileType = file.storyboard; path = Login.storyboard; sourceTree = "<group>"; };
		31CD548A252BAFE900F65D17 /* Login.swift */ = {isa = PBXFileReference; lastKnownFileType = sourcecode.swift; path = Login.swift; sourceTree = "<group>"; };
		31CD5491252BB23700F65D17 /* LoginViewType.swift */ = {isa = PBXFileReference; lastKnownFileType = sourcecode.swift; path = LoginViewType.swift; sourceTree = "<group>"; };
		BC7ED9BC7E996521EB62DF57 /* Pods-Stonks.release.xcconfig */ = {isa = PBXFileReference; includeInIndex = 1; lastKnownFileType = text.xcconfig; name = "Pods-Stonks.release.xcconfig"; path = "Target Support Files/Pods-Stonks/Pods-Stonks.release.xcconfig"; sourceTree = "<group>"; };
		E4D3D177B28C15727F8F2DBD /* Pods_Stonks.framework */ = {isa = PBXFileReference; explicitFileType = wrapper.framework; includeInIndex = 0; path = Pods_Stonks.framework; sourceTree = BUILT_PRODUCTS_DIR; };
/* End PBXFileReference section */

/* Begin PBXFrameworksBuildPhase section */
		31BDC081252A1C5A00F56ADD /* Frameworks */ = {
			isa = PBXFrameworksBuildPhase;
			buildActionMask = 2147483647;
			files = (
				70BEDF4BEF546CAB8B883F47 /* Pods_Stonks.framework in Frameworks */,
			);
			runOnlyForDeploymentPostprocessing = 0;
		};
/* End PBXFrameworksBuildPhase section */

/* Begin PBXGroup section */
		131A728D252C970400A7F3BE /* Me */ = {
			isa = PBXGroup;
			children = (
				13819643252D0B01001C18A6 /* ChartExtention */,
				131A7287252C93E500A7F3BE /* Me.storyboard */,
				131A728A252C953000A7F3BE /* MePortfolioViewController.swift */,
				131A7291252CAA2E00A7F3BE /* HeaderViewController.swift */,
			);
			path = Me;
			sourceTree = "<group>";
		};
		13819643252D0B01001C18A6 /* ChartExtention */ = {
			isa = PBXGroup;
			children = (
				13819644252D0B12001C18A6 /* ChartExtention.swift */,
			);
			path = ChartExtention;
			sourceTree = "<group>";
		};
		31BDC07B252A1C5A00F56ADD = {
			isa = PBXGroup;
			children = (
				31BDC086252A1C5A00F56ADD /* Stonks */,
				31BDC085252A1C5A00F56ADD /* Products */,
				FF2A7488E09B648E661D6BE6 /* Pods */,
				DE1D0FF9FAE5EE8676415B95 /* Frameworks */,
			);
			sourceTree = "<group>";
		};
		31BDC085252A1C5A00F56ADD /* Products */ = {
			isa = PBXGroup;
			children = (
				31BDC084252A1C5A00F56ADD /* Stonks.app */,
			);
			name = Products;
			sourceTree = "<group>";
		};
		31BDC086252A1C5A00F56ADD /* Stonks */ = {
			isa = PBXGroup;
			children = (
				31BDC0B0252A2D2200F56ADD /* Views */,
				31BDC0AF252A2CD300F56ADD /* Presenters */,
				31BDC0AE252A2CC500F56ADD /* Models */,
				31BDC0AD252A2CB400F56ADD /* Protocols */,
				31BDC087252A1C5B00F56ADD /* AppDelegate.swift */,
				31BDC0A3252A21A400F56ADD /* Launch.xib */,
				31BDC090252A1C5D00F56ADD /* Assets.xcassets */,
				31BDC095252A1C5D00F56ADD /* Info.plist */,
			);
			path = Stonks;
			sourceTree = "<group>";
		};
		31BDC0AD252A2CB400F56ADD /* Protocols */ = {
			isa = PBXGroup;
			children = (
				31BDC0B1252A2DA200F56ADD /* LoginPresenterType.swift */,
				31CD5491252BB23700F65D17 /* LoginViewType.swift */,
			);
			path = Protocols;
			sourceTree = "<group>";
		};
		31BDC0AE252A2CC500F56ADD /* Models */ = {
			isa = PBXGroup;
			children = (
				31CD548A252BAFE900F65D17 /* Login.swift */,
			);
			path = Models;
			sourceTree = "<group>";
		};
		31BDC0AF252A2CD300F56ADD /* Presenters */ = {
			isa = PBXGroup;
			children = (
				31BDC0AA252A23B200F56ADD /* LoginPresenter.swift */,
			);
			path = Presenters;
			sourceTree = "<group>";
		};
		31BDC0B0252A2D2200F56ADD /* Views */ = {
			isa = PBXGroup;
			children = (
				131A728D252C970400A7F3BE /* Me */,
				31BDC08B252A1C5B00F56ADD /* LoginViewController.swift */,
				31CD5484252BAEA400F65D17 /* Login.storyboard */,
			);
			path = Views;
			sourceTree = "<group>";
		};
		DE1D0FF9FAE5EE8676415B95 /* Frameworks */ = {
			isa = PBXGroup;
			children = (
				E4D3D177B28C15727F8F2DBD /* Pods_Stonks.framework */,
			);
			name = Frameworks;
			sourceTree = "<group>";
		};
		FF2A7488E09B648E661D6BE6 /* Pods */ = {
			isa = PBXGroup;
			children = (
				032B310E038B34B17E54EC3B /* Pods-Stonks.debug.xcconfig */,
				BC7ED9BC7E996521EB62DF57 /* Pods-Stonks.release.xcconfig */,
			);
			path = Pods;
			sourceTree = "<group>";
		};
/* End PBXGroup section */

/* Begin PBXNativeTarget section */
		31BDC083252A1C5A00F56ADD /* Stonks */ = {
			isa = PBXNativeTarget;
			buildConfigurationList = 31BDC098252A1C5D00F56ADD /* Build configuration list for PBXNativeTarget "Stonks" */;
			buildPhases = (
				CB285841D54552F7DE3A057C /* [CP] Check Pods Manifest.lock */,
				31BDC080252A1C5A00F56ADD /* Sources */,
				31BDC081252A1C5A00F56ADD /* Frameworks */,
				31BDC082252A1C5A00F56ADD /* Resources */,
				3340B35DF4E776A6857B4562 /* [CP] Embed Pods Frameworks */,
			);
			buildRules = (
			);
			dependencies = (
			);
			name = Stonks;
			productName = Stonks;
			productReference = 31BDC084252A1C5A00F56ADD /* Stonks.app */;
			productType = "com.apple.product-type.application";
		};
/* End PBXNativeTarget section */

/* Begin PBXProject section */
		31BDC07C252A1C5A00F56ADD /* Project object */ = {
			isa = PBXProject;
			attributes = {
				LastSwiftUpdateCheck = 1200;
				LastUpgradeCheck = 1200;
				TargetAttributes = {
					31BDC083252A1C5A00F56ADD = {
						CreatedOnToolsVersion = 12.0;
					};
				};
			};
			buildConfigurationList = 31BDC07F252A1C5A00F56ADD /* Build configuration list for PBXProject "Stonks" */;
			compatibilityVersion = "Xcode 9.3";
			developmentRegion = en;
			hasScannedForEncodings = 0;
			knownRegions = (
				en,
				Base,
			);
			mainGroup = 31BDC07B252A1C5A00F56ADD;
			productRefGroup = 31BDC085252A1C5A00F56ADD /* Products */;
			projectDirPath = "";
			projectRoot = "";
			targets = (
				31BDC083252A1C5A00F56ADD /* Stonks */,
			);
		};
/* End PBXProject section */

/* Begin PBXResourcesBuildPhase section */
		31BDC082252A1C5A00F56ADD /* Resources */ = {
			isa = PBXResourcesBuildPhase;
			buildActionMask = 2147483647;
			files = (
				31BDC091252A1C5D00F56ADD /* Assets.xcassets in Resources */,
				31BDC0A4252A21A400F56ADD /* Launch.xib in Resources */,
				131A7288252C93E500A7F3BE /* Me.storyboard in Resources */,
				31CD5485252BAEA400F65D17 /* Login.storyboard in Resources */,
			);
			runOnlyForDeploymentPostprocessing = 0;
		};
/* End PBXResourcesBuildPhase section */

/* Begin PBXShellScriptBuildPhase section */
		3340B35DF4E776A6857B4562 /* [CP] Embed Pods Frameworks */ = {
			isa = PBXShellScriptBuildPhase;
			buildActionMask = 2147483647;
			files = (
			);
			inputFileListPaths = (
				"${PODS_ROOT}/Target Support Files/Pods-Stonks/Pods-Stonks-frameworks-${CONFIGURATION}-input-files.xcfilelist",
			);
			name = "[CP] Embed Pods Frameworks";
			outputFileListPaths = (
				"${PODS_ROOT}/Target Support Files/Pods-Stonks/Pods-Stonks-frameworks-${CONFIGURATION}-output-files.xcfilelist",
			);
			runOnlyForDeploymentPostprocessing = 0;
			shellPath = /bin/sh;
			shellScript = "\"${PODS_ROOT}/Target Support Files/Pods-Stonks/Pods-Stonks-frameworks.sh\"\n";
			showEnvVarsInLog = 0;
		};
		CB285841D54552F7DE3A057C /* [CP] Check Pods Manifest.lock */ = {
			isa = PBXShellScriptBuildPhase;
			buildActionMask = 2147483647;
			files = (
			);
			inputFileListPaths = (
			);
			inputPaths = (
				"${PODS_PODFILE_DIR_PATH}/Podfile.lock",
				"${PODS_ROOT}/Manifest.lock",
			);
			name = "[CP] Check Pods Manifest.lock";
			outputFileListPaths = (
			);
			outputPaths = (
				"$(DERIVED_FILE_DIR)/Pods-Stonks-checkManifestLockResult.txt",
			);
			runOnlyForDeploymentPostprocessing = 0;
			shellPath = /bin/sh;
			shellScript = "diff \"${PODS_PODFILE_DIR_PATH}/Podfile.lock\" \"${PODS_ROOT}/Manifest.lock\" > /dev/null\nif [ $? != 0 ] ; then\n    # print error to STDERR\n    echo \"error: The sandbox is not in sync with the Podfile.lock. Run 'pod install' or update your CocoaPods installation.\" >&2\n    exit 1\nfi\n# This output is used by Xcode 'outputs' to avoid re-running this script phase.\necho \"SUCCESS\" > \"${SCRIPT_OUTPUT_FILE_0}\"\n";
			showEnvVarsInLog = 0;
		};
/* End PBXShellScriptBuildPhase section */

/* Begin PBXSourcesBuildPhase section */
		31BDC080252A1C5A00F56ADD /* Sources */ = {
			isa = PBXSourcesBuildPhase;
			buildActionMask = 2147483647;
			files = (
				31BDC08C252A1C5B00F56ADD /* LoginViewController.swift in Sources */,
				131A728B252C953000A7F3BE /* MePortfolioViewController.swift in Sources */,
				31CD548B252BAFE900F65D17 /* Login.swift in Sources */,
				31CD5492252BB23700F65D17 /* LoginViewType.swift in Sources */,
				31BDC088252A1C5B00F56ADD /* AppDelegate.swift in Sources */,
				131A7292252CAA2E00A7F3BE /* HeaderViewController.swift in Sources */,
				31BDC0B2252A2DA200F56ADD /* LoginPresenterType.swift in Sources */,
				13819645252D0B12001C18A6 /* ChartExtention.swift in Sources */,
				31BDC0AB252A23B200F56ADD /* LoginPresenter.swift in Sources */,
			);
			runOnlyForDeploymentPostprocessing = 0;
		};
/* End PBXSourcesBuildPhase section */

/* Begin XCBuildConfiguration section */
		31BDC096252A1C5D00F56ADD /* Debug */ = {
			isa = XCBuildConfiguration;
			buildSettings = {
				ALWAYS_SEARCH_USER_PATHS = NO;
				CLANG_ANALYZER_NONNULL = YES;
				CLANG_ANALYZER_NUMBER_OBJECT_CONVERSION = YES_AGGRESSIVE;
				CLANG_CXX_LANGUAGE_STANDARD = "gnu++14";
				CLANG_CXX_LIBRARY = "libc++";
				CLANG_ENABLE_MODULES = YES;
				CLANG_ENABLE_OBJC_ARC = YES;
				CLANG_ENABLE_OBJC_WEAK = YES;
				CLANG_WARN_BLOCK_CAPTURE_AUTORELEASING = YES;
				CLANG_WARN_BOOL_CONVERSION = YES;
				CLANG_WARN_COMMA = YES;
				CLANG_WARN_CONSTANT_CONVERSION = YES;
				CLANG_WARN_DEPRECATED_OBJC_IMPLEMENTATIONS = YES;
				CLANG_WARN_DIRECT_OBJC_ISA_USAGE = YES_ERROR;
				CLANG_WARN_DOCUMENTATION_COMMENTS = YES;
				CLANG_WARN_EMPTY_BODY = YES;
				CLANG_WARN_ENUM_CONVERSION = YES;
				CLANG_WARN_INFINITE_RECURSION = YES;
				CLANG_WARN_INT_CONVERSION = YES;
				CLANG_WARN_NON_LITERAL_NULL_CONVERSION = YES;
				CLANG_WARN_OBJC_IMPLICIT_RETAIN_SELF = YES;
				CLANG_WARN_OBJC_LITERAL_CONVERSION = YES;
				CLANG_WARN_OBJC_ROOT_CLASS = YES_ERROR;
				CLANG_WARN_QUOTED_INCLUDE_IN_FRAMEWORK_HEADER = YES;
				CLANG_WARN_RANGE_LOOP_ANALYSIS = YES;
				CLANG_WARN_STRICT_PROTOTYPES = YES;
				CLANG_WARN_SUSPICIOUS_MOVE = YES;
				CLANG_WARN_UNGUARDED_AVAILABILITY = YES_AGGRESSIVE;
				CLANG_WARN_UNREACHABLE_CODE = YES;
				CLANG_WARN__DUPLICATE_METHOD_MATCH = YES;
				COPY_PHASE_STRIP = NO;
				DEBUG_INFORMATION_FORMAT = dwarf;
				ENABLE_STRICT_OBJC_MSGSEND = YES;
				ENABLE_TESTABILITY = YES;
				GCC_C_LANGUAGE_STANDARD = gnu11;
				GCC_DYNAMIC_NO_PIC = NO;
				GCC_NO_COMMON_BLOCKS = YES;
				GCC_OPTIMIZATION_LEVEL = 0;
				GCC_PREPROCESSOR_DEFINITIONS = (
					"DEBUG=1",
					"$(inherited)",
				);
				GCC_WARN_64_TO_32_BIT_CONVERSION = YES;
				GCC_WARN_ABOUT_RETURN_TYPE = YES_ERROR;
				GCC_WARN_UNDECLARED_SELECTOR = YES;
				GCC_WARN_UNINITIALIZED_AUTOS = YES_AGGRESSIVE;
				GCC_WARN_UNUSED_FUNCTION = YES;
				GCC_WARN_UNUSED_VARIABLE = YES;
				IPHONEOS_DEPLOYMENT_TARGET = 10.0;
				MTL_ENABLE_DEBUG_INFO = INCLUDE_SOURCE;
				MTL_FAST_MATH = YES;
				ONLY_ACTIVE_ARCH = YES;
				SDKROOT = iphoneos;
				SWIFT_ACTIVE_COMPILATION_CONDITIONS = DEBUG;
				SWIFT_OPTIMIZATION_LEVEL = "-Onone";
			};
			name = Debug;
		};
		31BDC097252A1C5D00F56ADD /* Release */ = {
			isa = XCBuildConfiguration;
			buildSettings = {
				ALWAYS_SEARCH_USER_PATHS = NO;
				CLANG_ANALYZER_NONNULL = YES;
				CLANG_ANALYZER_NUMBER_OBJECT_CONVERSION = YES_AGGRESSIVE;
				CLANG_CXX_LANGUAGE_STANDARD = "gnu++14";
				CLANG_CXX_LIBRARY = "libc++";
				CLANG_ENABLE_MODULES = YES;
				CLANG_ENABLE_OBJC_ARC = YES;
				CLANG_ENABLE_OBJC_WEAK = YES;
				CLANG_WARN_BLOCK_CAPTURE_AUTORELEASING = YES;
				CLANG_WARN_BOOL_CONVERSION = YES;
				CLANG_WARN_COMMA = YES;
				CLANG_WARN_CONSTANT_CONVERSION = YES;
				CLANG_WARN_DEPRECATED_OBJC_IMPLEMENTATIONS = YES;
				CLANG_WARN_DIRECT_OBJC_ISA_USAGE = YES_ERROR;
				CLANG_WARN_DOCUMENTATION_COMMENTS = YES;
				CLANG_WARN_EMPTY_BODY = YES;
				CLANG_WARN_ENUM_CONVERSION = YES;
				CLANG_WARN_INFINITE_RECURSION = YES;
				CLANG_WARN_INT_CONVERSION = YES;
				CLANG_WARN_NON_LITERAL_NULL_CONVERSION = YES;
				CLANG_WARN_OBJC_IMPLICIT_RETAIN_SELF = YES;
				CLANG_WARN_OBJC_LITERAL_CONVERSION = YES;
				CLANG_WARN_OBJC_ROOT_CLASS = YES_ERROR;
				CLANG_WARN_QUOTED_INCLUDE_IN_FRAMEWORK_HEADER = YES;
				CLANG_WARN_RANGE_LOOP_ANALYSIS = YES;
				CLANG_WARN_STRICT_PROTOTYPES = YES;
				CLANG_WARN_SUSPICIOUS_MOVE = YES;
				CLANG_WARN_UNGUARDED_AVAILABILITY = YES_AGGRESSIVE;
				CLANG_WARN_UNREACHABLE_CODE = YES;
				CLANG_WARN__DUPLICATE_METHOD_MATCH = YES;
				COPY_PHASE_STRIP = NO;
				DEBUG_INFORMATION_FORMAT = "dwarf-with-dsym";
				ENABLE_NS_ASSERTIONS = NO;
				ENABLE_STRICT_OBJC_MSGSEND = YES;
				GCC_C_LANGUAGE_STANDARD = gnu11;
				GCC_NO_COMMON_BLOCKS = YES;
				GCC_WARN_64_TO_32_BIT_CONVERSION = YES;
				GCC_WARN_ABOUT_RETURN_TYPE = YES_ERROR;
				GCC_WARN_UNDECLARED_SELECTOR = YES;
				GCC_WARN_UNINITIALIZED_AUTOS = YES_AGGRESSIVE;
				GCC_WARN_UNUSED_FUNCTION = YES;
				GCC_WARN_UNUSED_VARIABLE = YES;
				IPHONEOS_DEPLOYMENT_TARGET = 10.0;
				MTL_ENABLE_DEBUG_INFO = NO;
				MTL_FAST_MATH = YES;
				SDKROOT = iphoneos;
				SWIFT_COMPILATION_MODE = wholemodule;
				SWIFT_OPTIMIZATION_LEVEL = "-O";
				VALIDATE_PRODUCT = YES;
			};
			name = Release;
		};
		31BDC099252A1C5D00F56ADD /* Debug */ = {
			isa = XCBuildConfiguration;
			baseConfigurationReference = 032B310E038B34B17E54EC3B /* Pods-Stonks.debug.xcconfig */;
			buildSettings = {
				ASSETCATALOG_COMPILER_APPICON_NAME = AppIcon;
				ASSETCATALOG_COMPILER_GLOBAL_ACCENT_COLOR_NAME = AccentColor;
				CODE_SIGN_STYLE = Automatic;
				INFOPLIST_FILE = Stonks/Info.plist;
				IPHONEOS_DEPLOYMENT_TARGET = 10.0;
				LD_RUNPATH_SEARCH_PATHS = (
					"$(inherited)",
					"@executable_path/Frameworks",
				);
				PRODUCT_BUNDLE_IDENTIFIER = krivozubov.vlad.Stonks;
				PRODUCT_NAME = "$(TARGET_NAME)";
				SWIFT_VERSION = 5.0;
				TARGETED_DEVICE_FAMILY = 1;
			};
			name = Debug;
		};
		31BDC09A252A1C5D00F56ADD /* Release */ = {
			isa = XCBuildConfiguration;
			baseConfigurationReference = BC7ED9BC7E996521EB62DF57 /* Pods-Stonks.release.xcconfig */;
			buildSettings = {
				ASSETCATALOG_COMPILER_APPICON_NAME = AppIcon;
				ASSETCATALOG_COMPILER_GLOBAL_ACCENT_COLOR_NAME = AccentColor;
				CODE_SIGN_STYLE = Automatic;
				INFOPLIST_FILE = Stonks/Info.plist;
				IPHONEOS_DEPLOYMENT_TARGET = 10.0;
				LD_RUNPATH_SEARCH_PATHS = (
					"$(inherited)",
					"@executable_path/Frameworks",
				);
				PRODUCT_BUNDLE_IDENTIFIER = krivozubov.vlad.Stonks;
				PRODUCT_NAME = "$(TARGET_NAME)";
				SWIFT_VERSION = 5.0;
				TARGETED_DEVICE_FAMILY = 1;
			};
			name = Release;
		};
/* End XCBuildConfiguration section */

/* Begin XCConfigurationList section */
		31BDC07F252A1C5A00F56ADD /* Build configuration list for PBXProject "Stonks" */ = {
			isa = XCConfigurationList;
			buildConfigurations = (
				31BDC096252A1C5D00F56ADD /* Debug */,
				31BDC097252A1C5D00F56ADD /* Release */,
			);
			defaultConfigurationIsVisible = 0;
			defaultConfigurationName = Release;
		};
		31BDC098252A1C5D00F56ADD /* Build configuration list for PBXNativeTarget "Stonks" */ = {
			isa = XCConfigurationList;
			buildConfigurations = (
				31BDC099252A1C5D00F56ADD /* Debug */,
				31BDC09A252A1C5D00F56ADD /* Release */,
			);
			defaultConfigurationIsVisible = 0;
			defaultConfigurationName = Release;
		};
/* End XCConfigurationList section */
	};
	rootObject = 31BDC07C252A1C5A00F56ADD /* Project object */;
}
